
Microsoft Visual Studio Solution File, Format Version 12.00
# Visual Studio 2012
Project("{FAE04EC0-301F-11D3-BF4B-00C04F79EFBC}") = "ColorGame", "ColorGame\ColorGame.csproj", "{51C5CD16-7782-470A-8CD7-FDE2C05BED72}"
EndProject
Global
	GlobalSection(SolutionConfigurationPlatforms) = preSolution
		Debug|Any CPU = Debug|Any CPU
		Release|Any CPU = Release|Any CPU
	EndGlobalSection
	GlobalSection(ProjectConfigurationPlatforms) = postSolution
		{51C5CD16-7782-470A-8CD7-FDE2C05BED72}.Debug|Any CPU.ActiveCfg = Debug|Any CPU
		{51C5CD16-7782-470A-8CD7-FDE2C05BED72}.Debug|Any CPU.Build.0 = Debug|Any CPU
		{51C5CD16-7782-470A-8CD7-FDE2C05BED72}.Release|Any CPU.ActiveCfg = Release|Any CPU
		{51C5CD16-7782-470A-8CD7-FDE2C05BED72}.Release|Any CPU.Build.0 = Release|Any CPU
	EndGlobalSection
	GlobalSection(SolutionProperties) = preSolution
		HideSolutionNode = FALSE
	EndGlobalSection
EndGlobal
